
Microsoft Visual Studio Solution File, Format Version 12.00
# Visual Studio Version 16
VisualStudioVersion = 16.0.29409.12
MinimumVisualStudioVersion = 10.0.40219.1
Project("{FAE04EC0-301F-11D3-BF4B-00C04F79EFBC}") = "PROYECTO FINAL ESTRUCTURA DE DATOS", "PROYECTO FINAL ESTRUCTURA DE DATOS\PROYECTO FINAL ESTRUCTURA DE DATOS.csproj", "{BA67892B-9424-4737-A2BD-EB0F3BF54CB5}"
EndProject
Global
	GlobalSection(SolutionConfigurationPlatforms) = preSolution
		Debug|Any CPU = Debug|Any CPU
		Release|Any CPU = Release|Any CPU
	EndGlobalSection
	GlobalSection(ProjectConfigurationPlatforms) = postSolution
		{BA67892B-9424-4737-A2BD-EB0F3BF54CB5}.Debug|Any CPU.ActiveCfg = Debug|Any CPU
		{BA67892B-9424-4737-A2BD-EB0F3BF54CB5}.Debug|Any CPU.Build.0 = Debug|Any CPU
		{BA67892B-9424-4737-A2BD-EB0F3BF54CB5}.Release|Any CPU.ActiveCfg = Release|Any CPU
		{BA67892B-9424-4737-A2BD-EB0F3BF54CB5}.Release|Any CPU.Build.0 = Release|Any CPU
	EndGlobalSection
	GlobalSection(SolutionProperties) = preSolution
		HideSolutionNode = FALSE
	EndGlobalSection
	GlobalSection(ExtensibilityGlobals) = postSolution
		SolutionGuid = {24BF5588-987C-4475-B1B6-7017F0E95446}
	EndGlobalSection
EndGlobal
